
Microsoft Visual Studio Solution File, Format Version 12.00
# Visual Studio Version 17
VisualStudioVersion = 17.2.32616.157
MinimumVisualStudioVersion = 10.0.40219.1
Project("{FAE04EC0-301F-11D3-BF4B-00C04F79EFBC}") = "EnviarCorresoCarreraV2", "EnviarCorresoCarreraV2\EnviarCorresoCarreraV2.csproj", "{805C0EE2-DC3F-4857-BF3D-BEA6B9891089}"
EndProject
Global
	GlobalSection(SolutionConfigurationPlatforms) = preSolution
		Debug|Any CPU = Debug|Any CPU
		Release|Any CPU = Release|Any CPU
	EndGlobalSection
	GlobalSection(ProjectConfigurationPlatforms) = postSolution
		{805C0EE2-DC3F-4857-BF3D-BEA6B9891089}.Debug|Any CPU.ActiveCfg = Debug|Any CPU
		{805C0EE2-DC3F-4857-BF3D-BEA6B9891089}.Debug|Any CPU.Build.0 = Debug|Any CPU
		{805C0EE2-DC3F-4857-BF3D-BEA6B9891089}.Release|Any CPU.ActiveCfg = Release|Any CPU
		{805C0EE2-DC3F-4857-BF3D-BEA6B9891089}.Release|Any CPU.Build.0 = Release|Any CPU
	EndGlobalSection
	GlobalSection(SolutionProperties) = preSolution
		HideSolutionNode = FALSE
	EndGlobalSection
	GlobalSection(ExtensibilityGlobals) = postSolution
		SolutionGuid = {0B2DC70F-8DA3-4337-89B4-952ECFF0C608}
	EndGlobalSection
EndGlobal
